
Microsoft Visual Studio Solution File, Format Version 12.00
# Visual Studio Version 17
VisualStudioVersion = 17.0.31903.59
MinimumVisualStudioVersion = 10.0.40219.1
Project("{FAE04EC0-301F-11D3-BF4B-00C04F79EFBC}") = "LedgerManager.API", "LedgerManager.API\LedgerManager.API.csproj", "{44600BC7-CC45-4ED1-9CB6-5D5F00D16F2A}"
EndProject
Project("{FAE04EC0-301F-11D3-BF4B-00C04F79EFBC}") = "LedgerManager.Application", "LedgerManager.Application\LedgerManager.Application.csproj", "{06EA4FCE-F565-4FFB-88C1-5828295AAE81}"
EndProject
Project("{FAE04EC0-301F-11D3-BF4B-00C04F79EFBC}") = "LedgerManager.Domain", "LedgerManager.Domain\LedgerManager.Domain.csproj", "{93F175DF-5B94-4245-B0F8-3F8A6F08EA69}"
EndProject
Project("{FAE04EC0-301F-11D3-BF4B-00C04F79EFBC}") = "LedgerManager.Infrastructure", "LedgerManager.Infrastructure\LedgerManager.Infrastructure.csproj", "{9A147981-292B-4F14-A140-43FD923F0284}"
EndProject
Project("{FAE04EC0-301F-11D3-BF4B-00C04F79EFBC}") = "LedgerManager.Persistence", "LedgerManager.Persistence\LedgerManager.Persistence.csproj", "{7F62E4D4-6F9D-4F0D-8C51-FE8504CFBF76}"
EndProject
Global
	GlobalSection(SolutionConfigurationPlatforms) = preSolution
		Debug|Any CPU = Debug|Any CPU
		Debug|x64 = Debug|x64
		Debug|x86 = Debug|x86
		Release|Any CPU = Release|Any CPU
		Release|x64 = Release|x64
		Release|x86 = Release|x86
	EndGlobalSection
	GlobalSection(ProjectConfigurationPlatforms) = postSolution
		{44600BC7-CC45-4ED1-9CB6-5D5F00D16F2A}.Debug|Any CPU.ActiveCfg = Debug|Any CPU
		{44600BC7-CC45-4ED1-9CB6-5D5F00D16F2A}.Debug|Any CPU.Build.0 = Debug|Any CPU
		{44600BC7-CC45-4ED1-9CB6-5D5F00D16F2A}.Debug|x64.ActiveCfg = Debug|Any CPU
		{44600BC7-CC45-4ED1-9CB6-5D5F00D16F2A}.Debug|x64.Build.0 = Debug|Any CPU
		{44600BC7-CC45-4ED1-9CB6-5D5F00D16F2A}.Debug|x86.ActiveCfg = Debug|Any CPU
		{44600BC7-CC45-4ED1-9CB6-5D5F00D16F2A}.Debug|x86.Build.0 = Debug|Any CPU
		{44600BC7-CC45-4ED1-9CB6-5D5F00D16F2A}.Release|Any CPU.ActiveCfg = Release|Any CPU
		{44600BC7-CC45-4ED1-9CB6-5D5F00D16F2A}.Release|Any CPU.Build.0 = Release|Any CPU
		{44600BC7-CC45-4ED1-9CB6-5D5F00D16F2A}.Release|x64.ActiveCfg = Release|Any CPU
		{44600BC7-CC45-4ED1-9CB6-5D5F00D16F2A}.Release|x64.Build.0 = Release|Any CPU
		{44600BC7-CC45-4ED1-9CB6-5D5F00D16F2A}.Release|x86.ActiveCfg = Release|Any CPU
		{44600BC7-CC45-4ED1-9CB6-5D5F00D16F2A}.Release|x86.Build.0 = Release|Any CPU
		{06EA4FCE-F565-4FFB-88C1-5828295AAE81}.Debug|Any CPU.ActiveCfg = Debug|Any CPU
		{06EA4FCE-F565-4FFB-88C1-5828295AAE81}.Debug|Any CPU.Build.0 = Debug|Any CPU
		{06EA4FCE-F565-4FFB-88C1-5828295AAE81}.Debug|x64.ActiveCfg = Debug|Any CPU
		{06EA4FCE-F565-4FFB-88C1-5828295AAE81}.Debug|x64.Build.0 = Debug|Any CPU
		{06EA4FCE-F565-4FFB-88C1-5828295AAE81}.Debug|x86.ActiveCfg = Debug|Any CPU
		{06EA4FCE-F565-4FFB-88C1-5828295AAE81}.Debug|x86.Build.0 = Debug|Any CPU
		{06EA4FCE-F565-4FFB-88C1-5828295AAE81}.Release|Any CPU.ActiveCfg = Release|Any CPU
		{06EA4FCE-F565-4FFB-88C1-5828295AAE81}.Release|Any CPU.Build.0 = Release|Any CPU
		{06EA4FCE-F565-4FFB-88C1-5828295AAE81}.Release|x64.ActiveCfg = Release|Any CPU
		{06EA4FCE-F565-4FFB-88C1-5828295AAE81}.Release|x64.Build.0 = Release|Any CPU
		{06EA4FCE-F565-4FFB-88C1-5828295AAE81}.Release|x86.ActiveCfg = Release|Any CPU
		{06EA4FCE-F565-4FFB-88C1-5828295AAE81}.Release|x86.Build.0 = Release|Any CPU
		{93F175DF-5B94-4245-B0F8-3F8A6F08EA69}.Debug|Any CPU.ActiveCfg = Debug|Any CPU
		{93F175DF-5B94-4245-B0F8-3F8A6F08EA69}.Debug|Any CPU.Build.0 = Debug|Any CPU
		{93F175DF-5B94-4245-B0F8-3F8A6F08EA69}.Debug|x64.ActiveCfg = Debug|Any CPU
		{93F175DF-5B94-4245-B0F8-3F8A6F08EA69}.Debug|x64.Build.0 = Debug|Any CPU
		{93F175DF-5B94-4245-B0F8-3F8A6F08EA69}.Debug|x86.ActiveCfg = Debug|Any CPU
		{93F175DF-5B94-4245-B0F8-3F8A6F08EA69}.Debug|x86.Build.0 = Debug|Any CPU
		{93F175DF-5B94-4245-B0F8-3F8A6F08EA69}.Release|Any CPU.ActiveCfg = Release|Any CPU
		{93F175DF-5B94-4245-B0F8-3F8A6F08EA69}.Release|Any CPU.Build.0 = Release|Any CPU
		{93F175DF-5B94-4245-B0F8-3F8A6F08EA69}.Release|x64.ActiveCfg = Release|Any CPU
		{93F175DF-5B94-4245-B0F8-3F8A6F08EA69}.Release|x64.Build.0 = Release|Any CPU
		{93F175DF-5B94-4245-B0F8-3F8A6F08EA69}.Release|x86.ActiveCfg = Release|Any CPU
		{93F175DF-5B94-4245-B0F8-3F8A6F08EA69}.Release|x86.Build.0 = Release|Any CPU
		{9A147981-292B-4F14-A140-43FD923F0284}.Debug|Any CPU.ActiveCfg = Debug|Any CPU
		{9A147981-292B-4F14-A140-43FD923F0284}.Debug|Any CPU.Build.0 = Debug|Any CPU
		{9A147981-292B-4F14-A140-43FD923F0284}.Debug|x64.ActiveCfg = Debug|Any CPU
		{9A147981-292B-4F14-A140-43FD923F0284}.Debug|x64.Build.0 = Debug|Any CPU
		{9A147981-292B-4F14-A140-43FD923F0284}.Debug|x86.ActiveCfg = Debug|Any CPU
		{9A147981-292B-4F14-A140-43FD923F0284}.Debug|x86.Build.0 = Debug|Any CPU
		{9A147981-292B-4F14-A140-43FD923F0284}.Release|Any CPU.ActiveCfg = Release|Any CPU
		{9A147981-292B-4F14-A140-43FD923F0284}.Release|Any CPU.Build.0 = Release|Any CPU
		{9A147981-292B-4F14-A140-43FD923F0284}.Release|x64.ActiveCfg = Release|Any CPU
		{9A147981-292B-4F14-A140-43FD923F0284}.Release|x64.Build.0 = Release|Any CPU
		{9A147981-292B-4F14-A140-43FD923F0284}.Release|x86.ActiveCfg = Release|Any CPU
		{9A147981-292B-4F14-A140-43FD923F0284}.Release|x86.Build.0 = Release|Any CPU
		{7F62E4D4-6F9D-4F0D-8C51-FE8504CFBF76}.Debug|Any CPU.ActiveCfg = Debug|Any CPU
		{7F62E4D4-6F9D-4F0D-8C51-FE8504CFBF76}.Debug|Any CPU.Build.0 = Debug|Any CPU
		{7F62E4D4-6F9D-4F0D-8C51-FE8504CFBF76}.Debug|x64.ActiveCfg = Debug|Any CPU
		{7F62E4D4-6F9D-4F0D-8C51-FE8504CFBF76}.Debug|x64.Build.0 = Debug|Any CPU
		{7F62E4D4-6F9D-4F0D-8C51-FE8504CFBF76}.Debug|x86.ActiveCfg = Debug|Any CPU
		{7F62E4D4-6F9D-4F0D-8C51-FE8504CFBF76}.Debug|x86.Build.0 = Debug|Any CPU
		{7F62E4D4-6F9D-4F0D-8C51-FE8504CFBF76}.Release|Any CPU.ActiveCfg = Release|Any CPU
		{7F62E4D4-6F9D-4F0D-8C51-FE8504CFBF76}.Release|Any CPU.Build.0 = Release|Any CPU
		{7F62E4D4-6F9D-4F0D-8C51-FE8504CFBF76}.Release|x64.ActiveCfg = Release|Any CPU
		{7F62E4D4-6F9D-4F0D-8C51-FE8504CFBF76}.Release|x64.Build.0 = Release|Any CPU
		{7F62E4D4-6F9D-4F0D-8C51-FE8504CFBF76}.Release|x86.ActiveCfg = Release|Any CPU
		{7F62E4D4-6F9D-4F0D-8C51-FE8504CFBF76}.Release|x86.Build.0 = Release|Any CPU
	EndGlobalSection
	GlobalSection(SolutionProperties) = preSolution
		HideSolutionNode = FALSE
	EndGlobalSection
EndGlobal
